
Microsoft Visual Studio Solution File, Format Version 11.00
# Visual Studio 2010
Project("{E24C65DC-7377-472B-9ABA-BC803B73C61A}") = "EqualOP", "..\..\WebSites\EqualOP\", "{D2734436-030C-412B-8B2F-EA693C1DD45D}"
	ProjectSection(WebsiteProperties) = preProject
		TargetFrameworkMoniker = ".NETFramework,Version%3Dv4.0"
		Debug.AspNetCompiler.VirtualPath = "/EqualOP"
		Debug.AspNetCompiler.PhysicalPath = "..\..\WebSites\EqualOP\"
		Debug.AspNetCompiler.TargetPath = "PrecompiledWeb\EqualOP\"
		Debug.AspNetCompiler.Updateable = "true"
		Debug.AspNetCompiler.ForceOverwrite = "true"
		Debug.AspNetCompiler.FixedNames = "false"
		Debug.AspNetCompiler.Debug = "True"
		Release.AspNetCompiler.VirtualPath = "/EqualOP"
		Release.AspNetCompiler.PhysicalPath = "..\..\WebSites\EqualOP\"
		Release.AspNetCompiler.TargetPath = "PrecompiledWeb\EqualOP\"
		Release.AspNetCompiler.Updateable = "true"
		Release.AspNetCompiler.ForceOverwrite = "true"
		Release.AspNetCompiler.FixedNames = "false"
		Release.AspNetCompiler.Debug = "False"
		VWDPort = "52039"
		DefaultWebSiteLanguage = "Visual C#"
	EndProjectSection
EndProject
Global
	GlobalSection(SolutionConfigurationPlatforms) = preSolution
		Debug|Any CPU = Debug|Any CPU
	EndGlobalSection
	GlobalSection(ProjectConfigurationPlatforms) = postSolution
		{D2734436-030C-412B-8B2F-EA693C1DD45D}.Debug|Any CPU.ActiveCfg = Debug|Any CPU
		{D2734436-030C-412B-8B2F-EA693C1DD45D}.Debug|Any CPU.Build.0 = Debug|Any CPU
	EndGlobalSection
	GlobalSection(SolutionProperties) = preSolution
		HideSolutionNode = FALSE
	EndGlobalSection
EndGlobal
